Microsoft Visual Studio Solution File, Format Version 12.00
# Visual Studio Version 17
VisualStudioVersion = 17.5.2.0
MinimumVisualStudioVersion = 10.0.40219.1
Project("{FAE04EC0-301F-11D3-BF4B-00C04F79EFBC}") = "Week10_Deliverable", "Week10_Deliverable.csproj", "{1F73F4A5-10A6-0D78-D4BA-E5AB36F5F0BF}"
EndProject
Global
	GlobalSection(SolutionConfigurationPlatforms) = preSolution
		Debug|Any CPU = Debug|Any CPU
		Release|Any CPU = Release|Any CPU
	EndGlobalSection
	GlobalSection(ProjectConfigurationPlatforms) = postSolution
		{1F73F4A5-10A6-0D78-D4BA-E5AB36F5F0BF}.Debug|Any CPU.ActiveCfg = Debug|Any CPU
		{1F73F4A5-10A6-0D78-D4BA-E5AB36F5F0BF}.Debug|Any CPU.Build.0 = Debug|Any CPU
		{1F73F4A5-10A6-0D78-D4BA-E5AB36F5F0BF}.Release|Any CPU.ActiveCfg = Release|Any CPU
		{1F73F4A5-10A6-0D78-D4BA-E5AB36F5F0BF}.Release|Any CPU.Build.0 = Release|Any CPU
	EndGlobalSection
	GlobalSection(SolutionProperties) = preSolution
		HideSolutionNode = FALSE
	EndGlobalSection
	GlobalSection(ExtensibilityGlobals) = postSolution
		SolutionGuid = {39F6FF39-7452-44DC-9451-05C89E36598B}
	EndGlobalSection
EndGlobal
